// !$*UTF8*$!
{
	archiveVersion = 1;
	classes = {
	};
	objectVersion = 50;
	objects = {

/* Begin PBXBuildFile section */
		CDFC2D3B20BB0B3600F650ED /* AppDelegate.swift in Sources */ = {isa = PBXBuildFile; fileRef = CDFC2D3A20BB0B3600F650ED /* AppDelegate.swift */; };
		CDFC2D3D20BB0B3600F650ED /* ViewController.swift in Sources */ = {isa = PBXBuildFile; fileRef = CDFC2D3C20BB0B3600F650ED /* ViewController.swift */; };
		CDFC2D4020BB0B3600F650ED /* Main.storyboard in Resources */ = {isa = PBXBuildFile; fileRef = CDFC2D3E20BB0B3600F650ED /* Main.storyboard */; };
		CDFC2D4220BB0B3700F650ED /* Assets.xcassets in Resources */ = {isa = PBXBuildFile; fileRef = CDFC2D4120BB0B3700F650ED /* Assets.xcassets */; };
		CDFC2D4520BB0B3700F650ED /* LaunchScreen.storyboard in Resources */ = {isa = PBXBuildFile; fileRef = CDFC2D4320BB0B3700F650ED /* LaunchScreen.storyboard */; };
		CDFC2D6520BB0B4600F650ED /* SQLite.framework in Frameworks */ = {isa = PBXBuildFile; fileRef = CDFC2D5720BB0B3D00F650ED /* SQLite.framework */; };
		CDFC2D6620BB0B4A00F650ED /* SQLite.framework in Frameworks */ = {isa = PBXBuildFile; fileRef = CDFC2D5720BB0B3D00F650ED /* SQLite.framework */; };
		CDFC2D6720BB0B4A00F650ED /* SQLite.framework in Embed Frameworks */ = {isa = PBXBuildFile; fileRef = CDFC2D5720BB0B3D00F650ED /* SQLite.framework */; settings = {ATTRIBUTES = (CodeSignOnCopy, RemoveHeadersOnCopy, ); }; };
		CDFC2D6C20BB0BE700F650ED /* contact.sqlite in Resources */ = {isa = PBXBuildFile; fileRef = CDFC2D6B20BB0BE700F650ED /* contact.sqlite */; };
/* End PBXBuildFile section */

/* Begin PBXContainerItemProxy section */
		CDFC2D5620BB0B3D00F650ED /* PBXContainerItemProxy */ = {
			isa = PBXContainerItemProxy;
			containerPortal = CDFC2D4C20BB0B3D00F650ED /* SQLite.xcodeproj */;
			proxyType = 2;
			remoteGlobalIDString = EE247AD31C3F04ED00AE3E12;
			remoteInfo = "SQLite iOS";
		};
		CDFC2D5820BB0B3D00F650ED /* PBXContainerItemProxy */ = {
			isa = PBXContainerItemProxy;
			containerPortal = CDFC2D4C20BB0B3D00F650ED /* SQLite.xcodeproj */;
			proxyType = 2;
			remoteGlobalIDString = EE247ADD1C3F04ED00AE3E12;
			remoteInfo = "SQLiteTests iOS";
		};
		CDFC2D5A20BB0B3D00F650ED /* PBXContainerItemProxy */ = {
			isa = PBXContainerItemProxy;
			containerPortal = CDFC2D4C20BB0B3D00F650ED /* SQLite.xcodeproj */;
			proxyType = 2;
			remoteGlobalIDString = EE247B3C1C3F3ED000AE3E12;
			remoteInfo = "SQLite Mac";
		};
		CDFC2D5C20BB0B3D00F650ED /* PBXContainerItemProxy */ = {
			isa = PBXContainerItemProxy;
			containerPortal = CDFC2D4C20BB0B3D00F650ED /* SQLite.xcodeproj */;
			proxyType = 2;
			remoteGlobalIDString = EE247B451C3F3ED000AE3E12;
			remoteInfo = "SQLiteTests Mac";
		};
		CDFC2D5E20BB0B3D00F650ED /* PBXContainerItemProxy */ = {
			isa = PBXContainerItemProxy;
			containerPortal = CDFC2D4C20BB0B3D00F650ED /* SQLite.xcodeproj */;
			proxyType = 2;
			remoteGlobalIDString = 03A65E5A1C6BB0F50062603F;
			remoteInfo = "SQLite tvOS";
		};
		CDFC2D6020BB0B3D00F650ED /* PBXContainerItemProxy */ = {
			isa = PBXContainerItemProxy;
			containerPortal = CDFC2D4C20BB0B3D00F650ED /* SQLite.xcodeproj */;
			proxyType = 2;
			remoteGlobalIDString = 03A65E631C6BB0F60062603F;
			remoteInfo = "SQLiteTests tvOS";
		};
		CDFC2D6220BB0B3D00F650ED /* PBXContainerItemProxy */ = {
			isa = PBXContainerItemProxy;
			containerPortal = CDFC2D4C20BB0B3D00F650ED /* SQLite.xcodeproj */;
			proxyType = 2;
			remoteGlobalIDString = A121AC451CA35C79005A31D1;
			remoteInfo = "SQLite watchOS";
		};
		CDFC2D6820BB0B4A00F650ED /* PBXContainerItemProxy */ = {
			isa = PBXContainerItemProxy;
			containerPortal = CDFC2D4C20BB0B3D00F650ED /* SQLite.xcodeproj */;
			proxyType = 1;
			remoteGlobalIDString = EE247AD21C3F04ED00AE3E12;
			remoteInfo = "SQLite iOS";
		};
/* End PBXContainerItemProxy section */

/* Begin PBXCopyFilesBuildPhase section */
		CDFC2D6A20BB0B4B00F650ED /* Embed Frameworks */ = {
			isa = PBXCopyFilesBuildPhase;
			buildActionMask = 2147483647;
			dstPath = "";
			dstSubfolderSpec = 10;
			files = (
				CDFC2D6720BB0B4A00F650ED /* SQLite.framework in Embed Frameworks */,
			);
			name = "Embed Frameworks";
			runOnlyForDeploymentPostprocessing = 0;
		};
/* End PBXCopyFilesBuildPhase section */

/* Begin PBXFileReference section */
		CDFC2D3720BB0B3600F650ED /* learn-sqlite.app */ = {isa = PBXFileReference; explicitFileType = wrapper.application; includeInIndex = 0; path = "learn-sqlite.app"; sourceTree = BUILT_PRODUCTS_DIR; };
		CDFC2D3A20BB0B3600F650ED /* AppDelegate.swift */ = {isa = PBXFileReference; lastKnownFileType = sourcecode.swift; path = AppDelegate.swift; sourceTree = "<group>"; };
		CDFC2D3C20BB0B3600F650ED /* ViewController.swift */ = {isa = PBXFileReference; lastKnownFileType = sourcecode.swift; path = ViewController.swift; sourceTree = "<group>"; };
		CDFC2D3F20BB0B3600F650ED /* Base */ = {isa = PBXFileReference; lastKnownFileType = file.storyboard; name = Base; path = Base.lproj/Main.storyboard; sourceTree = "<group>"; };
		CDFC2D4120BB0B3700F650ED /* Assets.xcassets */ = {isa = PBXFileReference; lastKnownFileType = folder.assetcatalog; path = Assets.xcassets; sourceTree = "<group>"; };
		CDFC2D4420BB0B3700F650ED /* Base */ = {isa = PBXFileReference; lastKnownFileType = file.storyboard; name = Base; path = Base.lproj/LaunchScreen.storyboard; sourceTree = "<group>"; };
		CDFC2D4620BB0B3700F650ED /* Info.plist */ = {isa = PBXFileReference; lastKnownFileType = text.plist.xml; path = Info.plist; sourceTree = "<group>"; };
		CDFC2D4C20BB0B3D00F650ED /* SQLite.xcodeproj */ = {isa = PBXFileReference; lastKnownFileType = "wrapper.pb-project"; name = SQLite.xcodeproj; path = "../SQLite.swift-master/SQLite.xcodeproj"; sourceTree = "<group>"; };
		CDFC2D6B20BB0BE700F650ED /* contact.sqlite */ = {isa = PBXFileReference; lastKnownFileType = file; path = contact.sqlite; sourceTree = "<group>"; };
/* End PBXFileReference section */

/* Begin PBXFrameworksBuildPhase section */
		CDFC2D3420BB0B3600F650ED /* Frameworks */ = {
			isa = PBXFrameworksBuildPhase;
			buildActionMask = 2147483647;
			files = (
				CDFC2D6620BB0B4A00F650ED /* SQLite.framework in Frameworks */,
				CDFC2D6520BB0B4600F650ED /* SQLite.framework in Frameworks */,
			);
			runOnlyForDeploymentPostprocessing = 0;
		};
/* End PBXFrameworksBuildPhase section */

/* Begin PBXGroup section */
		CDFC2D2E20BB0B3600F650ED = {
			isa = PBXGroup;
			children = (
				CDFC2D3920BB0B3600F650ED /* learn-sqlite */,
				CDFC2D3820BB0B3600F650ED /* Products */,
				CDFC2D4C20BB0B3D00F650ED /* SQLite.xcodeproj */,
				CDFC2D6420BB0B4600F650ED /* Frameworks */,
			);
			sourceTree = "<group>";
		};
		CDFC2D3820BB0B3600F650ED /* Products */ = {
			isa = PBXGroup;
			children = (
				CDFC2D3720BB0B3600F650ED /* learn-sqlite.app */,
			);
			name = Products;
			sourceTree = "<group>";
		};
		CDFC2D3920BB0B3600F650ED /* learn-sqlite */ = {
			isa = PBXGroup;
			children = (
				CDFC2D6B20BB0BE700F650ED /* contact.sqlite */,
				CDFC2D3A20BB0B3600F650ED /* AppDelegate.swift */,
				CDFC2D3C20BB0B3600F650ED /* ViewController.swift */,
				CDFC2D3E20BB0B3600F650ED /* Main.storyboard */,
				CDFC2D4120BB0B3700F650ED /* Assets.xcassets */,
				CDFC2D4320BB0B3700F650ED /* LaunchScreen.storyboard */,
				CDFC2D4620BB0B3700F650ED /* Info.plist */,
			);
			path = "learn-sqlite";
			sourceTree = "<group>";
		};
		CDFC2D4D20BB0B3D00F650ED /* Products */ = {
			isa = PBXGroup;
			children = (
				CDFC2D5720BB0B3D00F650ED /* SQLite.framework */,
				CDFC2D5920BB0B3D00F650ED /* SQLiteTests iOS.xctest */,
				CDFC2D5B20BB0B3D00F650ED /* SQLite.framework */,
				CDFC2D5D20BB0B3D00F650ED /* SQLiteTests Mac.xctest */,
				CDFC2D5F20BB0B3D00F650ED /* SQLite.framework */,
				CDFC2D6120BB0B3D00F650ED /* SQLiteTests tvOS.xctest */,
				CDFC2D6320BB0B3D00F650ED /* SQLite.framework */,
			);
			name = Products;
			sourceTree = "<group>";
		};
		CDFC2D6420BB0B4600F650ED /* Frameworks */ = {
			isa = PBXGroup;
			children = (
			);
			name = Frameworks;
			sourceTree = "<group>";
		};
/* End PBXGroup section */

/* Begin PBXNativeTarget section */
		CDFC2D3620BB0B3600F650ED /* learn-sqlite */ = {
			isa = PBXNativeTarget;
			buildConfigurationList = CDFC2D4920BB0B3700F650ED /* Build configuration list for PBXNativeTarget "learn-sqlite" */;
			buildPhases = (
				CDFC2D3320BB0B3600F650ED /* Sources */,
				CDFC2D3420BB0B3600F650ED /* Frameworks */,
				CDFC2D3520BB0B3600F650ED /* Resources */,
				CDFC2D6A20BB0B4B00F650ED /* Embed Frameworks */,
			);
			buildRules = (
			);
			dependencies = (
				CDFC2D6920BB0B4A00F650ED /* PBXTargetDependency */,
			);
			name = "learn-sqlite";
			productName = "learn-sqlite";
			productReference = CDFC2D3720BB0B3600F650ED /* learn-sqlite.app */;
			productType = "com.apple.product-type.application";
		};
/* End PBXNativeTarget section */

/* Begin PBXProject section */
		CDFC2D2F20BB0B3600F650ED /* Project object */ = {
			isa = PBXProject;
			attributes = {
				LastSwiftUpdateCheck = 0930;
				LastUpgradeCheck = 0930;
				ORGANIZATIONNAME = samrith;
				TargetAttributes = {
					CDFC2D3620BB0B3600F650ED = {
						CreatedOnToolsVersion = 9.3.1;
					};
				};
			};
			buildConfigurationList = CDFC2D3220BB0B3600F650ED /* Build configuration list for PBXProject "learn-sqlite" */;
			compatibilityVersion = "Xcode 9.3";
			developmentRegion = en;
			hasScannedForEncodings = 0;
			knownRegions = (
				en,
				Base,
			);
			mainGroup = CDFC2D2E20BB0B3600F650ED;
			productRefGroup = CDFC2D3820BB0B3600F650ED /* Products */;
			projectDirPath = "";
			projectReferences = (
				{
					ProductGroup = CDFC2D4D20BB0B3D00F650ED /* Products */;
					ProjectRef = CDFC2D4C20BB0B3D00F650ED /* SQLite.xcodeproj */;
				},
			);
			projectRoot = "";
			targets = (
				CDFC2D3620BB0B3600F650ED /* learn-sqlite */,
			);
		};
/* End PBXProject section */

/* Begin PBXReferenceProxy section */
		CDFC2D5720BB0B3D00F650ED /* SQLite.framework */ = {
			isa = PBXReferenceProxy;
			fileType = wrapper.framework;
			path = SQLite.framework;
			remoteRef = CDFC2D5620BB0B3D00F650ED /* PBXContainerItemProxy */;
			sourceTree = BUILT_PRODUCTS_DIR;
		};
		CDFC2D5920BB0B3D00F650ED /* SQLiteTests iOS.xctest */ = {
			isa = PBXReferenceProxy;
			fileType = wrapper.cfbundle;
			path = "SQLiteTests iOS.xctest";
			remoteRef = CDFC2D5820BB0B3D00F650ED /* PBXContainerItemProxy */;
			sourceTree = BUILT_PRODUCTS_DIR;
		};
		CDFC2D5B20BB0B3D00F650ED /* SQLite.framework */ = {
			isa = PBXReferenceProxy;
			fileType = wrapper.framework;
			path = SQLite.framework;
			remoteRef = CDFC2D5A20BB0B3D00F650ED /* PBXContainerItemProxy */;
			sourceTree = BUILT_PRODUCTS_DIR;
		};
		CDFC2D5D20BB0B3D00F650ED /* SQLiteTests Mac.xctest */ = {
			isa = PBXReferenceProxy;
			fileType = wrapper.cfbundle;
			path = "SQLiteTests Mac.xctest";
			remoteRef = CDFC2D5C20BB0B3D00F650ED /* PBXContainerItemProxy */;
			sourceTree = BUILT_PRODUCTS_DIR;
		};
		CDFC2D5F20BB0B3D00F650ED /* SQLite.framework */ = {
			isa = PBXReferenceProxy;
			fileType = wrapper.framework;
			path = SQLite.framework;
			remoteRef = CDFC2D5E20BB0B3D00F650ED /* PBXContainerItemProxy */;
			sourceTree = BUILT_PRODUCTS_DIR;
		};
		CDFC2D6120BB0B3D00F650ED /* SQLiteTests tvOS.xctest */ = {
			isa = PBXReferenceProxy;
			fileType = wrapper.cfbundle;
			path = "SQLiteTests tvOS.xctest";
			remoteRef = CDFC2D6020BB0B3D00F650ED /* PBXContainerItemProxy */;
			sourceTree = BUILT_PRODUCTS_DIR;
		};
		CDFC2D6320BB0B3D00F650ED /* SQLite.framework */ = {
			isa = PBXReferenceProxy;
			fileType = wrapper.framework;
			path = SQLite.framework;
			remoteRef = CDFC2D6220BB0B3D00F650ED /* PBXContainerItemProxy */;
			sourceTree = BUILT_PRODUCTS_DIR;
		};
/* End PBXReferenceProxy section */

/* Begin PBXResourcesBuildPhase section */
		CDFC2D3520BB0B3600F650ED /* Resources */ = {
			isa = PBXResourcesBuildPhase;
			buildActionMask = 2147483647;
			files = (
				CDFC2D4520BB0B3700F650ED /* LaunchScreen.storyboard in Resources */,
				CDFC2D4220BB0B3700F650ED /* Assets.xcassets in Resources */,
				CDFC2D6C20BB0BE700F650ED /* contact.sqlite in Resources */,
				CDFC2D4020BB0B3600F650ED /* Main.storyboard in Resources */,
			);
			runOnlyForDeploymentPostprocessing = 0;
		};
/* End PBXResourcesBuildPhase section */

/* Begin PBXSourcesBuildPhase section */
		CDFC2D3320BB0B3600F650ED /* Sources */ = {
			isa = PBXSourcesBuildPhase;
			buildActionMask = 2147483647;
			files = (
				CDFC2D3D20BB0B3600F650ED /* ViewController.swift in Sources */,
				CDFC2D3B20BB0B3600F650ED /* AppDelegate.swift in Sources */,
			);
			runOnlyForDeploymentPostprocessing = 0;
		};
/* End PBXSourcesBuildPhase section */

/* Begin PBXTargetDependency section */
		CDFC2D6920BB0B4A00F650ED /* PBXTargetDependency */ = {
			isa = PBXTargetDependency;
			name = "SQLite iOS";
			targetProxy = CDFC2D6820BB0B4A00F650ED /* PBXContainerItemProxy */;
		};
/* End PBXTargetDependency section */

/* Begin PBXVariantGroup section */
		CDFC2D3E20BB0B3600F650ED /* Main.storyboard */ = {
			isa = PBXVariantGroup;
			children = (
				CDFC2D3F20BB0B3600F650ED /* Base */,
			);
			name = Main.storyboard;
			sourceTree = "<group>";
		};
		CDFC2D4320BB0B3700F650ED /* LaunchScreen.storyboard */ = {
			isa = PBXVariantGroup;
			children = (
				CDFC2D4420BB0B3700F650ED /* Base */,
			);
			name = LaunchScreen.storyboard;
			sourceTree = "<group>";
		};
/* End PBXVariantGroup section */

/* Begin XCBuildConfiguration section */
		CDFC2D4720BB0B3700F650ED /* Debug */ = {
			isa = XCBuildConfiguration;
			buildSettings = {
				ALWAYS_SEARCH_USER_PATHS = NO;
				CLANG_ANALYZER_NONNULL = YES;
				CLANG_ANALYZER_NUMBER_OBJECT_CONVERSION = YES_AGGRESSIVE;
				CLANG_CXX_LANGUAGE_STANDARD = "gnu++14";
				CLANG_CXX_LIBRARY = "libc++";
				CLANG_ENABLE_MODULES = YES;
				CLANG_ENABLE_OBJC_ARC = YES;
				CLANG_ENABLE_OBJC_WEAK = YES;
				CLANG_WARN_BLOCK_CAPTURE_AUTORELEASING = YES;
				CLANG_WARN_BOOL_CONVERSION = YES;
				CLANG_WARN_COMMA = YES;
				CLANG_WARN_CONSTANT_CONVERSION = YES;
				CLANG_WARN_DEPRECATED_OBJC_IMPLEMENTATIONS = YES;
				CLANG_WARN_DIRECT_OBJC_ISA_USAGE = YES_ERROR;
				CLANG_WARN_DOCUMENTATION_COMMENTS = YES;
				CLANG_WARN_EMPTY_BODY = YES;
				CLANG_WARN_ENUM_CONVERSION = YES;
				CLANG_WARN_INFINITE_RECURSION = YES;
				CLANG_WARN_INT_CONVERSION = YES;
				CLANG_WARN_NON_LITERAL_NULL_CONVERSION = YES;
				CLANG_WARN_OBJC_IMPLICIT_RETAIN_SELF = YES;
				CLANG_WARN_OBJC_LITERAL_CONVERSION = YES;
				CLANG_WARN_OBJC_ROOT_CLASS = YES_ERROR;
				CLANG_WARN_RANGE_LOOP_ANALYSIS = YES;
				CLANG_WARN_STRICT_PROTOTYPES = YES;
				CLANG_WARN_SUSPICIOUS_MOVE = YES;
				CLANG_WARN_UNGUARDED_AVAILABILITY = YES_AGGRESSIVE;
				CLANG_WARN_UNREACHABLE_CODE = YES;
				CLANG_WARN__DUPLICATE_METHOD_MATCH = YES;
				CODE_SIGN_IDENTITY = "iPhone Developer";
				COPY_PHASE_STRIP = NO;
				DEBUG_INFORMATION_FORMAT = dwarf;
				ENABLE_STRICT_OBJC_MSGSEND = YES;
				ENABLE_TESTABILITY = YES;
				GCC_C_LANGUAGE_STANDARD = gnu11;
				GCC_DYNAMIC_NO_PIC = NO;
				GCC_NO_COMMON_BLOCKS = YES;
				GCC_OPTIMIZATION_LEVEL = 0;
				GCC_PREPROCESSOR_DEFINITIONS = (
					"DEBUG=1",
					"$(inherited)",
				);
				GCC_WARN_64_TO_32_BIT_CONVERSION = YES;
				GCC_WARN_ABOUT_RETURN_TYPE = YES_ERROR;
				GCC_WARN_UNDECLARED_SELECTOR = YES;
				GCC_WARN_UNINITIALIZED_AUTOS = YES_AGGRESSIVE;
				GCC_WARN_UNUSED_FUNCTION = YES;
				GCC_WARN_UNUSED_VARIABLE = YES;
				IPHONEOS_DEPLOYMENT_TARGET = 11.3;
				MTL_ENABLE_DEBUG_INFO = YES;
				ONLY_ACTIVE_ARCH = YES;
				SDKROOT = iphoneos;
				SWIFT_ACTIVE_COMPILATION_CONDITIONS = DEBUG;
				SWIFT_OPTIMIZATION_LEVEL = "-Onone";
			};
			name = Debug;
		};
		CDFC2D4820BB0B3700F650ED /* Release */ = {
			isa = XCBuildConfiguration;
			buildSettings = {
				ALWAYS_SEARCH_USER_PATHS = NO;
				CLANG_ANALYZER_NONNULL = YES;
				CLANG_ANALYZER_NUMBER_OBJECT_CONVERSION = YES_AGGRESSIVE;
				CLANG_CXX_LANGUAGE_STANDARD = "gnu++14";
				CLANG_CXX_LIBRARY = "libc++";
				CLANG_ENABLE_MODULES = YES;
				CLANG_ENABLE_OBJC_ARC = YES;
				CLANG_ENABLE_OBJC_WEAK = YES;
				CLANG_WARN_BLOCK_CAPTURE_AUTORELEASING = YES;
				CLANG_WARN_BOOL_CONVERSION = YES;
				CLANG_WARN_COMMA = YES;
				CLANG_WARN_CONSTANT_CONVERSION = YES;
				CLANG_WARN_DEPRECATED_OBJC_IMPLEMENTATIONS = YES;
				CLANG_WARN_DIRECT_OBJC_ISA_USAGE = YES_ERROR;
				CLANG_WARN_DOCUMENTATION_COMMENTS = YES;
				CLANG_WARN_EMPTY_BODY = YES;
				CLANG_WARN_ENUM_CONVERSION = YES;
				CLANG_WARN_INFINITE_RECURSION = YES;
				CLANG_WARN_INT_CONVERSION = YES;
				CLANG_WARN_NON_LITERAL_NULL_CONVERSION = YES;
				CLANG_WARN_OBJC_IMPLICIT_RETAIN_SELF = YES;
				CLANG_WARN_OBJC_LITERAL_CONVERSION = YES;
				CLANG_WARN_OBJC_ROOT_CLASS = YES_ERROR;
				CLANG_WARN_RANGE_LOOP_ANALYSIS = YES;
				CLANG_WARN_STRICT_PROTOTYPES = YES;
				CLANG_WARN_SUSPICIOUS_MOVE = YES;
				CLANG_WARN_UNGUARDED_AVAILABILITY = YES_AGGRESSIVE;
				CLANG_WARN_UNREACHABLE_CODE = YES;
				CLANG_WARN__DUPLICATE_METHOD_MATCH = YES;
				CODE_SIGN_IDENTITY = "iPhone Developer";
				COPY_PHASE_STRIP = NO;
				DEBUG_INFORMATION_FORMAT = "dwarf-with-dsym";
				ENABLE_NS_ASSERTIONS = NO;
				ENABLE_STRICT_OBJC_MSGSEND = YES;
				GCC_C_LANGUAGE_STANDARD = gnu11;
				GCC_NO_COMMON_BLOCKS = YES;
				GCC_WARN_64_TO_32_BIT_CONVERSION = YES;
				GCC_WARN_ABOUT_RETURN_TYPE = YES_ERROR;
				GCC_WARN_UNDECLARED_SELECTOR = YES;
				GCC_WARN_UNINITIALIZED_AUTOS = YES_AGGRESSIVE;
				GCC_WARN_UNUSED_FUNCTION = YES;
				GCC_WARN_UNUSED_VARIABLE = YES;
				IPHONEOS_DEPLOYMENT_TARGET = 11.3;
				MTL_ENABLE_DEBUG_INFO = NO;
				SDKROOT = iphoneos;
				SWIFT_COMPILATION_MODE = wholemodule;
				SWIFT_OPTIMIZATION_LEVEL = "-O";
				VALIDATE_PRODUCT = YES;
			};
			name = Release;
		};
		CDFC2D4A20BB0B3700F650ED /* Debug */ = {
			isa = XCBuildConfiguration;
			buildSettings = {
				ALWAYS_EMBED_SWIFT_STANDARD_LIBRARIES = YES;
				ASSETCATALOG_COMPILER_APPICON_NAME = AppIcon;
				CODE_SIGN_STYLE = Automatic;
				DEVELOPMENT_TEAM = LCN239U73A;
				INFOPLIST_FILE = "learn-sqlite/Info.plist";
				LD_RUNPATH_SEARCH_PATHS = (
					"$(inherited)",
					"@executable_path/Frameworks",
				);
				PRODUCT_BUNDLE_IDENTIFIER = "com.samrith.learn-sqlite";
				PRODUCT_NAME = "$(TARGET_NAME)";
				SWIFT_VERSION = 4.0;
				TARGETED_DEVICE_FAMILY = "1,2";
			};
			name = Debug;
		};
		CDFC2D4B20BB0B3700F650ED /* Release */ = {
			isa = XCBuildConfiguration;
			buildSettings = {
				ALWAYS_EMBED_SWIFT_STANDARD_LIBRARIES = YES;
				ASSETCATALOG_COMPILER_APPICON_NAME = AppIcon;
				CODE_SIGN_STYLE = Automatic;
				DEVELOPMENT_TEAM = LCN239U73A;
				INFOPLIST_FILE = "learn-sqlite/Info.plist";
				LD_RUNPATH_SEARCH_PATHS = (
					"$(inherited)",
					"@executable_path/Frameworks",
				);
				PRODUCT_BUNDLE_IDENTIFIER = "com.samrith.learn-sqlite";
				PRODUCT_NAME = "$(TARGET_NAME)";
				SWIFT_VERSION = 4.0;
				TARGETED_DEVICE_FAMILY = "1,2";
			};
			name = Release;
		};
/* End XCBuildConfiguration section */

/* Begin XCConfigurationList section */
		CDFC2D3220BB0B3600F650ED /* Build configuration list for PBXProject "learn-sqlite" */ = {
			isa = XCConfigurationList;
			buildConfigurations = (
				CDFC2D4720BB0B3700F650ED /* Debug */,
				CDFC2D4820BB0B3700F650ED /* Release */,
			);
			defaultConfigurationIsVisible = 0;
			defaultConfigurationName = Release;
		};
		CDFC2D4920BB0B3700F650ED /* Build configuration list for PBXNativeTarget "learn-sqlite" */ = {
			isa = XCConfigurationList;
			buildConfigurations = (
				CDFC2D4A20BB0B3700F650ED /* Debug */,
				CDFC2D4B20BB0B3700F650ED /* Release */,
			);
			defaultConfigurationIsVisible = 0;
			defaultConfigurationName = Release;
		};
/* End XCConfigurationList section */
	};
	rootObject = CDFC2D2F20BB0B3600F650ED /* Project object */;
}
